
Microsoft Visual Studio Solution File, Format Version 12.00
# Visual Studio Version 17
VisualStudioVersion = 17.0.31919.166
MinimumVisualStudioVersion = 10.0.40219.1
Project("{FAE04EC0-301F-11D3-BF4B-00C04F79EFBC}") = "BotApp", "BotApp\BotApp.csproj", "{64637A7A-48C1-40A5-B078-EC4FD5E85569}"
EndProject
Global
	GlobalSection(SolutionConfigurationPlatforms) = preSolution
		Debug|Any CPU = Debug|Any CPU
		Release|Any CPU = Release|Any CPU
	EndGlobalSection
	GlobalSection(ProjectConfigurationPlatforms) = postSolution
		{64637A7A-48C1-40A5-B078-EC4FD5E85569}.Debug|Any CPU.ActiveCfg = Debug|Any CPU
		{64637A7A-48C1-40A5-B078-EC4FD5E85569}.Debug|Any CPU.Build.0 = Debug|Any CPU
		{64637A7A-48C1-40A5-B078-EC4FD5E85569}.Release|Any CPU.ActiveCfg = Release|Any CPU
		{64637A7A-48C1-40A5-B078-EC4FD5E85569}.Release|Any CPU.Build.0 = Release|Any CPU
	EndGlobalSection
	GlobalSection(SolutionProperties) = preSolution
		HideSolutionNode = FALSE
	EndGlobalSection
	GlobalSection(ExtensibilityGlobals) = postSolution
		SolutionGuid = {FB12524A-F760-47E0-8DB4-9D5BC3F2B343}
	EndGlobalSection
EndGlobal
